
Microsoft Visual Studio Solution File, Format Version 12.00
# Visual Studio Version 17
VisualStudioVersion = 17.11.35327.3
MinimumVisualStudioVersion = 10.0.40219.1
Project("{8BC9CEB8-8B4A-11D0-8D11-00A0C91BC942}") = "Bytewurst", "Bytewurst\Bytewurst.vcxproj", "{CC85946C-873A-447B-AEB7-0E8541076D9F}"
EndProject
Project("{FAE04EC0-301F-11D3-BF4B-00C04F79EFBC}") = "HeaderConvert", "HeaderConvert\HeaderConvert.csproj", "{C94D78A2-1CC0-49F7-BBBD-002275F28397}"
EndProject
Global
	GlobalSection(SolutionConfigurationPlatforms) = preSolution
		Debug|Any CPU = Debug|Any CPU
		Debug|x64 = Debug|x64
		Debug|x86 = Debug|x86
		Release|Any CPU = Release|Any CPU
		Release|x64 = Release|x64
		Release|x86 = Release|x86
	EndGlobalSection
	GlobalSection(ProjectConfigurationPlatforms) = postSolution
		{CC85946C-873A-447B-AEB7-0E8541076D9F}.Debug|Any CPU.ActiveCfg = Debug|x64
		{CC85946C-873A-447B-AEB7-0E8541076D9F}.Debug|Any CPU.Build.0 = Debug|x64
		{CC85946C-873A-447B-AEB7-0E8541076D9F}.Debug|x64.ActiveCfg = Debug|x64
		{CC85946C-873A-447B-AEB7-0E8541076D9F}.Debug|x64.Build.0 = Debug|x64
		{CC85946C-873A-447B-AEB7-0E8541076D9F}.Debug|x86.ActiveCfg = Debug|Win32
		{CC85946C-873A-447B-AEB7-0E8541076D9F}.Debug|x86.Build.0 = Debug|Win32
		{CC85946C-873A-447B-AEB7-0E8541076D9F}.Release|Any CPU.ActiveCfg = Release|x64
		{CC85946C-873A-447B-AEB7-0E8541076D9F}.Release|Any CPU.Build.0 = Release|x64
		{CC85946C-873A-447B-AEB7-0E8541076D9F}.Release|x64.ActiveCfg = Release|x64
		{CC85946C-873A-447B-AEB7-0E8541076D9F}.Release|x64.Build.0 = Release|x64
		{CC85946C-873A-447B-AEB7-0E8541076D9F}.Release|x86.ActiveCfg = Release|Win32
		{CC85946C-873A-447B-AEB7-0E8541076D9F}.Release|x86.Build.0 = Release|Win32
		{C94D78A2-1CC0-49F7-BBBD-002275F28397}.Debug|Any CPU.ActiveCfg = Debug|Any CPU
		{C94D78A2-1CC0-49F7-BBBD-002275F28397}.Debug|Any CPU.Build.0 = Debug|Any CPU
		{C94D78A2-1CC0-49F7-BBBD-002275F28397}.Debug|x64.ActiveCfg = Debug|Any CPU
		{C94D78A2-1CC0-49F7-BBBD-002275F28397}.Debug|x64.Build.0 = Debug|Any CPU
		{C94D78A2-1CC0-49F7-BBBD-002275F28397}.Debug|x86.ActiveCfg = Debug|Any CPU
		{C94D78A2-1CC0-49F7-BBBD-002275F28397}.Debug|x86.Build.0 = Debug|Any CPU
		{C94D78A2-1CC0-49F7-BBBD-002275F28397}.Release|Any CPU.ActiveCfg = Release|Any CPU
		{C94D78A2-1CC0-49F7-BBBD-002275F28397}.Release|Any CPU.Build.0 = Release|Any CPU
		{C94D78A2-1CC0-49F7-BBBD-002275F28397}.Release|x64.ActiveCfg = Release|Any CPU
		{C94D78A2-1CC0-49F7-BBBD-002275F28397}.Release|x64.Build.0 = Release|Any CPU
		{C94D78A2-1CC0-49F7-BBBD-002275F28397}.Release|x86.ActiveCfg = Release|Any CPU
		{C94D78A2-1CC0-49F7-BBBD-002275F28397}.Release|x86.Build.0 = Release|Any CPU
	EndGlobalSection
	GlobalSection(SolutionProperties) = preSolution
		HideSolutionNode = FALSE
	EndGlobalSection
	GlobalSection(ExtensibilityGlobals) = postSolution
		SolutionGuid = {D4158258-7E99-4B14-A244-0933A1DD3292}
	EndGlobalSection
EndGlobal
