
Microsoft Visual Studio Solution File, Format Version 12.00
# Visual Studio Version 17
VisualStudioVersion = 17.11.35327.3
MinimumVisualStudioVersion = 10.0.40219.1
Project("{8BC9CEB8-8B4A-11D0-8D11-00A0C91BC942}") = "Bytewurst", "Bytewurst\Bytewurst.vcxproj", "{CC85946C-873A-447B-AEB7-0E8541076D9F}"
	ProjectSection(ProjectDependencies) = postProject
		{83915FF8-31D5-3688-917E-2E53E11D1ADE} = {83915FF8-31D5-3688-917E-2E53E11D1ADE}
	EndProjectSection
EndProject
Project("{9A19103F-16F7-4668-BE54-9A1E7A4F7556}") = "HeaderConvert", "HeaderConvert\HeaderConvert.csproj", "{C94D78A2-1CC0-49F7-BBBD-002275F28397}"
EndProject
Project("{8BC9CEB8-8B4A-11D0-8D11-00A0C91BC942}") = "box2d", "box2d\build\src\box2d.vcxproj", "{83915FF8-31D5-3688-917E-2E53E11D1ADE}"
EndProject
Project("{8BC9CEB8-8B4A-11D0-8D11-00A0C91BC942}") = "Bytewurst.Helper", "Bytewurst.Helper\Bytewurst.Helper.vcxproj", "{799AD521-F9AF-4A73-8B59-693A9D80478F}"
EndProject
Global
	GlobalSection(SolutionConfigurationPlatforms) = preSolution
		Debug|Any CPU = Debug|Any CPU
		Debug|x64 = Debug|x64
		Debug|x86 = Debug|x86
		MinSizeRel|Any CPU = MinSizeRel|Any CPU
		MinSizeRel|x64 = MinSizeRel|x64
		MinSizeRel|x86 = MinSizeRel|x86
		Release|Any CPU = Release|Any CPU
		Release|x64 = Release|x64
		Release|x86 = Release|x86
		RelWithDebInfo|Any CPU = RelWithDebInfo|Any CPU
		RelWithDebInfo|x64 = RelWithDebInfo|x64
		RelWithDebInfo|x86 = RelWithDebInfo|x86
	EndGlobalSection
	GlobalSection(ProjectConfigurationPlatforms) = postSolution
		{CC85946C-873A-447B-AEB7-0E8541076D9F}.Debug|Any CPU.ActiveCfg = Debug|x64
		{CC85946C-873A-447B-AEB7-0E8541076D9F}.Debug|Any CPU.Build.0 = Debug|x64
		{CC85946C-873A-447B-AEB7-0E8541076D9F}.Debug|x64.ActiveCfg = Debug|x64
		{CC85946C-873A-447B-AEB7-0E8541076D9F}.Debug|x64.Build.0 = Debug|x64
		{CC85946C-873A-447B-AEB7-0E8541076D9F}.Debug|x86.ActiveCfg = Debug|Win32
		{CC85946C-873A-447B-AEB7-0E8541076D9F}.Debug|x86.Build.0 = Debug|Win32
		{CC85946C-873A-447B-AEB7-0E8541076D9F}.MinSizeRel|Any CPU.ActiveCfg = Debug|x64
		{CC85946C-873A-447B-AEB7-0E8541076D9F}.MinSizeRel|Any CPU.Build.0 = Debug|x64
		{CC85946C-873A-447B-AEB7-0E8541076D9F}.MinSizeRel|x64.ActiveCfg = Debug|x64
		{CC85946C-873A-447B-AEB7-0E8541076D9F}.MinSizeRel|x64.Build.0 = Debug|x64
		{CC85946C-873A-447B-AEB7-0E8541076D9F}.MinSizeRel|x86.ActiveCfg = Debug|Win32
		{CC85946C-873A-447B-AEB7-0E8541076D9F}.MinSizeRel|x86.Build.0 = Debug|Win32
		{CC85946C-873A-447B-AEB7-0E8541076D9F}.Release|Any CPU.ActiveCfg = Release|x64
		{CC85946C-873A-447B-AEB7-0E8541076D9F}.Release|Any CPU.Build.0 = Release|x64
		{CC85946C-873A-447B-AEB7-0E8541076D9F}.Release|x64.ActiveCfg = Release|x64
		{CC85946C-873A-447B-AEB7-0E8541076D9F}.Release|x64.Build.0 = Release|x64
		{CC85946C-873A-447B-AEB7-0E8541076D9F}.Release|x86.ActiveCfg = Release|Win32
		{CC85946C-873A-447B-AEB7-0E8541076D9F}.Release|x86.Build.0 = Release|Win32
		{CC85946C-873A-447B-AEB7-0E8541076D9F}.RelWithDebInfo|Any CPU.ActiveCfg = Release|x64
		{CC85946C-873A-447B-AEB7-0E8541076D9F}.RelWithDebInfo|Any CPU.Build.0 = Release|x64
		{CC85946C-873A-447B-AEB7-0E8541076D9F}.RelWithDebInfo|x64.ActiveCfg = Release|x64
		{CC85946C-873A-447B-AEB7-0E8541076D9F}.RelWithDebInfo|x64.Build.0 = Release|x64
		{CC85946C-873A-447B-AEB7-0E8541076D9F}.RelWithDebInfo|x86.ActiveCfg = Release|Win32
		{CC85946C-873A-447B-AEB7-0E8541076D9F}.RelWithDebInfo|x86.Build.0 = Release|Win32
		{C94D78A2-1CC0-49F7-BBBD-002275F28397}.Debug|Any CPU.ActiveCfg = Debug|Any CPU
		{C94D78A2-1CC0-49F7-BBBD-002275F28397}.Debug|Any CPU.Build.0 = Debug|Any CPU
		{C94D78A2-1CC0-49F7-BBBD-002275F28397}.Debug|x64.ActiveCfg = Debug|Any CPU
		{C94D78A2-1CC0-49F7-BBBD-002275F28397}.Debug|x64.Build.0 = Debug|Any CPU
		{C94D78A2-1CC0-49F7-BBBD-002275F28397}.Debug|x86.ActiveCfg = Debug|Any CPU
		{C94D78A2-1CC0-49F7-BBBD-002275F28397}.Debug|x86.Build.0 = Debug|Any CPU
		{C94D78A2-1CC0-49F7-BBBD-002275F28397}.MinSizeRel|Any CPU.ActiveCfg = Debug|Any CPU
		{C94D78A2-1CC0-49F7-BBBD-002275F28397}.MinSizeRel|Any CPU.Build.0 = Debug|Any CPU
		{C94D78A2-1CC0-49F7-BBBD-002275F28397}.MinSizeRel|x64.ActiveCfg = Debug|Any CPU
		{C94D78A2-1CC0-49F7-BBBD-002275F28397}.MinSizeRel|x64.Build.0 = Debug|Any CPU
		{C94D78A2-1CC0-49F7-BBBD-002275F28397}.MinSizeRel|x86.ActiveCfg = Debug|Any CPU
		{C94D78A2-1CC0-49F7-BBBD-002275F28397}.MinSizeRel|x86.Build.0 = Debug|Any CPU
		{C94D78A2-1CC0-49F7-BBBD-002275F28397}.Release|Any CPU.ActiveCfg = Release|Any CPU
		{C94D78A2-1CC0-49F7-BBBD-002275F28397}.Release|Any CPU.Build.0 = Release|Any CPU
		{C94D78A2-1CC0-49F7-BBBD-002275F28397}.Release|x64.ActiveCfg = Release|Any CPU
		{C94D78A2-1CC0-49F7-BBBD-002275F28397}.Release|x64.Build.0 = Release|Any CPU
		{C94D78A2-1CC0-49F7-BBBD-002275F28397}.Release|x86.ActiveCfg = Release|Any CPU
		{C94D78A2-1CC0-49F7-BBBD-002275F28397}.Release|x86.Build.0 = Release|Any CPU
		{C94D78A2-1CC0-49F7-BBBD-002275F28397}.RelWithDebInfo|Any CPU.ActiveCfg = Release|Any CPU
		{C94D78A2-1CC0-49F7-BBBD-002275F28397}.RelWithDebInfo|Any CPU.Build.0 = Release|Any CPU
		{C94D78A2-1CC0-49F7-BBBD-002275F28397}.RelWithDebInfo|x64.ActiveCfg = Release|Any CPU
		{C94D78A2-1CC0-49F7-BBBD-002275F28397}.RelWithDebInfo|x64.Build.0 = Release|Any CPU
		{C94D78A2-1CC0-49F7-BBBD-002275F28397}.RelWithDebInfo|x86.ActiveCfg = Release|Any CPU
		{C94D78A2-1CC0-49F7-BBBD-002275F28397}.RelWithDebInfo|x86.Build.0 = Release|Any CPU
		{83915FF8-31D5-3688-917E-2E53E11D1ADE}.Debug|Any CPU.ActiveCfg = Debug|x64
		{83915FF8-31D5-3688-917E-2E53E11D1ADE}.Debug|Any CPU.Build.0 = Debug|x64
		{83915FF8-31D5-3688-917E-2E53E11D1ADE}.Debug|x64.ActiveCfg = Debug|x64
		{83915FF8-31D5-3688-917E-2E53E11D1ADE}.Debug|x64.Build.0 = Debug|x64
		{83915FF8-31D5-3688-917E-2E53E11D1ADE}.Debug|x86.ActiveCfg = Debug|x64
		{83915FF8-31D5-3688-917E-2E53E11D1ADE}.Debug|x86.Build.0 = Debug|x64
		{83915FF8-31D5-3688-917E-2E53E11D1ADE}.MinSizeRel|Any CPU.ActiveCfg = MinSizeRel|x64
		{83915FF8-31D5-3688-917E-2E53E11D1ADE}.MinSizeRel|Any CPU.Build.0 = MinSizeRel|x64
		{83915FF8-31D5-3688-917E-2E53E11D1ADE}.MinSizeRel|x64.ActiveCfg = MinSizeRel|x64
		{83915FF8-31D5-3688-917E-2E53E11D1ADE}.MinSizeRel|x64.Build.0 = MinSizeRel|x64
		{83915FF8-31D5-3688-917E-2E53E11D1ADE}.MinSizeRel|x86.ActiveCfg = MinSizeRel|x64
		{83915FF8-31D5-3688-917E-2E53E11D1ADE}.MinSizeRel|x86.Build.0 = MinSizeRel|x64
		{83915FF8-31D5-3688-917E-2E53E11D1ADE}.Release|Any CPU.ActiveCfg = Release|x64
		{83915FF8-31D5-3688-917E-2E53E11D1ADE}.Release|Any CPU.Build.0 = Release|x64
		{83915FF8-31D5-3688-917E-2E53E11D1ADE}.Release|x64.ActiveCfg = Release|x64
		{83915FF8-31D5-3688-917E-2E53E11D1ADE}.Release|x64.Build.0 = Release|x64
		{83915FF8-31D5-3688-917E-2E53E11D1ADE}.Release|x86.ActiveCfg = Release|x64
		{83915FF8-31D5-3688-917E-2E53E11D1ADE}.Release|x86.Build.0 = Release|x64
		{83915FF8-31D5-3688-917E-2E53E11D1ADE}.RelWithDebInfo|Any CPU.ActiveCfg = RelWithDebInfo|x64
		{83915FF8-31D5-3688-917E-2E53E11D1ADE}.RelWithDebInfo|Any CPU.Build.0 = RelWithDebInfo|x64
		{83915FF8-31D5-3688-917E-2E53E11D1ADE}.RelWithDebInfo|x64.ActiveCfg = RelWithDebInfo|x64
		{83915FF8-31D5-3688-917E-2E53E11D1ADE}.RelWithDebInfo|x64.Build.0 = RelWithDebInfo|x64
		{83915FF8-31D5-3688-917E-2E53E11D1ADE}.RelWithDebInfo|x86.ActiveCfg = RelWithDebInfo|x64
		{83915FF8-31D5-3688-917E-2E53E11D1ADE}.RelWithDebInfo|x86.Build.0 = RelWithDebInfo|x64
		{799AD521-F9AF-4A73-8B59-693A9D80478F}.Debug|Any CPU.ActiveCfg = Debug|x64
		{799AD521-F9AF-4A73-8B59-693A9D80478F}.Debug|Any CPU.Build.0 = Debug|x64
		{799AD521-F9AF-4A73-8B59-693A9D80478F}.Debug|x64.ActiveCfg = Debug|x64
		{799AD521-F9AF-4A73-8B59-693A9D80478F}.Debug|x64.Build.0 = Debug|x64
		{799AD521-F9AF-4A73-8B59-693A9D80478F}.Debug|x86.ActiveCfg = Debug|Win32
		{799AD521-F9AF-4A73-8B59-693A9D80478F}.Debug|x86.Build.0 = Debug|Win32
		{799AD521-F9AF-4A73-8B59-693A9D80478F}.MinSizeRel|Any CPU.ActiveCfg = Debug|x64
		{799AD521-F9AF-4A73-8B59-693A9D80478F}.MinSizeRel|Any CPU.Build.0 = Debug|x64
		{799AD521-F9AF-4A73-8B59-693A9D80478F}.MinSizeRel|x64.ActiveCfg = Debug|x64
		{799AD521-F9AF-4A73-8B59-693A9D80478F}.MinSizeRel|x64.Build.0 = Debug|x64
		{799AD521-F9AF-4A73-8B59-693A9D80478F}.MinSizeRel|x86.ActiveCfg = Debug|Win32
		{799AD521-F9AF-4A73-8B59-693A9D80478F}.MinSizeRel|x86.Build.0 = Debug|Win32
		{799AD521-F9AF-4A73-8B59-693A9D80478F}.Release|Any CPU.ActiveCfg = Release|x64
		{799AD521-F9AF-4A73-8B59-693A9D80478F}.Release|Any CPU.Build.0 = Release|x64
		{799AD521-F9AF-4A73-8B59-693A9D80478F}.Release|x64.ActiveCfg = Release|x64
		{799AD521-F9AF-4A73-8B59-693A9D80478F}.Release|x64.Build.0 = Release|x64
		{799AD521-F9AF-4A73-8B59-693A9D80478F}.Release|x86.ActiveCfg = Release|Win32
		{799AD521-F9AF-4A73-8B59-693A9D80478F}.Release|x86.Build.0 = Release|Win32
		{799AD521-F9AF-4A73-8B59-693A9D80478F}.RelWithDebInfo|Any CPU.ActiveCfg = Release|x64
		{799AD521-F9AF-4A73-8B59-693A9D80478F}.RelWithDebInfo|Any CPU.Build.0 = Release|x64
		{799AD521-F9AF-4A73-8B59-693A9D80478F}.RelWithDebInfo|x64.ActiveCfg = Release|x64
		{799AD521-F9AF-4A73-8B59-693A9D80478F}.RelWithDebInfo|x64.Build.0 = Release|x64
		{799AD521-F9AF-4A73-8B59-693A9D80478F}.RelWithDebInfo|x86.ActiveCfg = Release|Win32
		{799AD521-F9AF-4A73-8B59-693A9D80478F}.RelWithDebInfo|x86.Build.0 = Release|Win32
	EndGlobalSection
	GlobalSection(SolutionProperties) = preSolution
		HideSolutionNode = FALSE
	EndGlobalSection
	GlobalSection(ExtensibilityGlobals) = postSolution
		SolutionGuid = {D4158258-7E99-4B14-A244-0933A1DD3292}
	EndGlobalSection
EndGlobal
